{
	"name": "nldesign",
	"version": "0.1.0",
	"lockfileVersion": 2,
	"requires": true,
	"packages": {
		"": {
			"name": "nldesign",
			"version": "0.1.0",
			"license": "AGPL-3.0-or-later",
			"dependencies": {
				"@fontsource/fira-sans": "^5.0.0"
			},
			"devDependencies": {}
		},
		"node_modules/@fontsource/fira-sans": {
			"version": "5.2.7",
			"resolved": "https://registry.npmjs.org/@fontsource/fira-sans/-/fira-sans-5.2.7.tgz",
			"integrity": "sha512-5DE4AealD/VnbwdzMgnpWfCttMQBbteNiK9DCJE7cVwZEbDTPLUoFDMMvxNQ498nZc5in7Mta9c/s+3Ehh0BAg==",
			"funding": {
				"url": "https://github.com/sponsors/ayuhito"
			}
		}
	},
	"dependencies": {
		"@fontsource/fira-sans": {
			"version": "5.2.7",
			"resolved": "https://registry.npmjs.org/@fontsource/fira-sans/-/fira-sans-5.2.7.tgz",
			"integrity": "sha512-5DE4AealD/VnbwdzMgnpWfCttMQBbteNiK9DCJE7cVwZEbDTPLUoFDMMvxNQ498nZc5in7Mta9c/s+3Ehh0BAg=="
		}
	}
}
