{
	"name": "nldesign",
	"version": "0.1.0",
	"lockfileVersion": 2,
	"requires": true,
	"packages": {
		"": {
			"name": "nldesign",
			"version": "0.1.0",
			"license": "AGPL-3.0-or-later",
			"dependencies": {
				"@amsterdam/design-system-assets": "latest",
				"@amsterdam/design-system-react-icons": "latest",
				"@fontsource/fira-sans": "^5.0.0"
			},
			"devDependencies": {}
		},
		"node_modules/@amsterdam/design-system-assets": {
			"version": "2.0.0",
			"resolved": "https://registry.npmjs.org/@amsterdam/design-system-assets/-/design-system-assets-2.0.0.tgz",
			"integrity": "sha512-+cc+m7LW7Fadjczk+U73qiN7EewiD0KrCH5XsriauM3PYEy8pNmJ0zHKBsWj4DlL/pP1t87AJq3o4O+I95orKQ=="
		},
		"node_modules/@amsterdam/design-system-react-icons": {
			"version": "2.0.0",
			"resolved": "https://registry.npmjs.org/@amsterdam/design-system-react-icons/-/design-system-react-icons-2.0.0.tgz",
			"integrity": "sha512-yMQ7aABGOTcPdOANypG9EGeHB5vBv/syX8E+La/tmsfY++CtahRylIIVuRpMq3s6g03+vbWan/ANuRA5Eu0NFg==",
			"peerDependencies": {
				"react": "16 - 19",
				"react-dom": "16 - 19"
			}
		},
		"node_modules/@fontsource/fira-sans": {
			"version": "5.2.7",
			"resolved": "https://registry.npmjs.org/@fontsource/fira-sans/-/fira-sans-5.2.7.tgz",
			"integrity": "sha512-5DE4AealD/VnbwdzMgnpWfCttMQBbteNiK9DCJE7cVwZEbDTPLUoFDMMvxNQ498nZc5in7Mta9c/s+3Ehh0BAg==",
			"funding": {
				"url": "https://github.com/sponsors/ayuhito"
			}
		},
		"node_modules/react": {
			"version": "19.2.4",
			"resolved": "https://registry.npmjs.org/react/-/react-19.2.4.tgz",
			"integrity": "sha512-9nfp2hYpCwOjAN+8TZFGhtWEwgvWHXqESH8qT89AT/lWklpLON22Lc8pEtnpsZz7VmawabSU0gCjnj8aC0euHQ==",
			"peer": true,
			"engines": {
				"node": ">=0.10.0"
			}
		},
		"node_modules/react-dom": {
			"version": "19.2.4",
			"resolved": "https://registry.npmjs.org/react-dom/-/react-dom-19.2.4.tgz",
			"integrity": "sha512-AXJdLo8kgMbimY95O2aKQqsz2iWi9jMgKJhRBAxECE4IFxfcazB2LmzloIoibJI3C12IlY20+KFaLv+71bUJeQ==",
			"peer": true,
			"dependencies": {
				"scheduler": "^0.27.0"
			},
			"peerDependencies": {
				"react": "^19.2.4"
			}
		},
		"node_modules/scheduler": {
			"version": "0.27.0",
			"resolved": "https://registry.npmjs.org/scheduler/-/scheduler-0.27.0.tgz",
			"integrity": "sha512-eNv+WrVbKu1f3vbYJT/xtiF5syA5HPIMtf9IgY/nKg0sWqzAUEvqY/xm7OcZc/qafLx/iO9FgOmeSAp4v5ti/Q==",
			"peer": true
		}
	},
	"dependencies": {
		"@amsterdam/design-system-assets": {
			"version": "2.0.0",
			"resolved": "https://registry.npmjs.org/@amsterdam/design-system-assets/-/design-system-assets-2.0.0.tgz",
			"integrity": "sha512-+cc+m7LW7Fadjczk+U73qiN7EewiD0KrCH5XsriauM3PYEy8pNmJ0zHKBsWj4DlL/pP1t87AJq3o4O+I95orKQ=="
		},
		"@amsterdam/design-system-react-icons": {
			"version": "2.0.0",
			"resolved": "https://registry.npmjs.org/@amsterdam/design-system-react-icons/-/design-system-react-icons-2.0.0.tgz",
			"integrity": "sha512-yMQ7aABGOTcPdOANypG9EGeHB5vBv/syX8E+La/tmsfY++CtahRylIIVuRpMq3s6g03+vbWan/ANuRA5Eu0NFg==",
			"requires": {}
		},
		"@fontsource/fira-sans": {
			"version": "5.2.7",
			"resolved": "https://registry.npmjs.org/@fontsource/fira-sans/-/fira-sans-5.2.7.tgz",
			"integrity": "sha512-5DE4AealD/VnbwdzMgnpWfCttMQBbteNiK9DCJE7cVwZEbDTPLUoFDMMvxNQ498nZc5in7Mta9c/s+3Ehh0BAg=="
		},
		"react": {
			"version": "19.2.4",
			"resolved": "https://registry.npmjs.org/react/-/react-19.2.4.tgz",
			"integrity": "sha512-9nfp2hYpCwOjAN+8TZFGhtWEwgvWHXqESH8qT89AT/lWklpLON22Lc8pEtnpsZz7VmawabSU0gCjnj8aC0euHQ==",
			"peer": true
		},
		"react-dom": {
			"version": "19.2.4",
			"resolved": "https://registry.npmjs.org/react-dom/-/react-dom-19.2.4.tgz",
			"integrity": "sha512-AXJdLo8kgMbimY95O2aKQqsz2iWi9jMgKJhRBAxECE4IFxfcazB2LmzloIoibJI3C12IlY20+KFaLv+71bUJeQ==",
			"peer": true,
			"requires": {
				"scheduler": "^0.27.0"
			}
		},
		"scheduler": {
			"version": "0.27.0",
			"resolved": "https://registry.npmjs.org/scheduler/-/scheduler-0.27.0.tgz",
			"integrity": "sha512-eNv+WrVbKu1f3vbYJT/xtiF5syA5HPIMtf9IgY/nKg0sWqzAUEvqY/xm7OcZc/qafLx/iO9FgOmeSAp4v5ti/Q==",
			"peer": true
		}
	}
}
